
Microsoft Visual Studio Solution File, Format Version 12.00
# Visual Studio 15
VisualStudioVersion = 15.0.28010.2019
MinimumVisualStudioVersion = 10.0.40219.1
Project("{FAE04EC0-301F-11D3-BF4B-00C04F79EFBC}") = "TravelerOnPlanet", "TravelerOnPlanet\TravelerOnPlanet.csproj", "{15851CDB-D2BA-4517-BD5E-70E7982F4547}"
EndProject
Global
	GlobalSection(SolutionConfigurationPlatforms) = preSolution
		Debug|Any CPU = Debug|Any CPU
		Release|Any CPU = Release|Any CPU
	EndGlobalSection
	GlobalSection(ProjectConfigurationPlatforms) = postSolution
		{15851CDB-D2BA-4517-BD5E-70E7982F4547}.Debug|Any CPU.ActiveCfg = Debug|Any CPU
		{15851CDB-D2BA-4517-BD5E-70E7982F4547}.Debug|Any CPU.Build.0 = Debug|Any CPU
		{15851CDB-D2BA-4517-BD5E-70E7982F4547}.Release|Any CPU.ActiveCfg = Release|Any CPU
		{15851CDB-D2BA-4517-BD5E-70E7982F4547}.Release|Any CPU.Build.0 = Release|Any CPU
	EndGlobalSection
	GlobalSection(SolutionProperties) = preSolution
		HideSolutionNode = FALSE
	EndGlobalSection
	GlobalSection(ExtensibilityGlobals) = postSolution
		SolutionGuid = {E60F698C-7291-4FA4-B2F1-1F45D992A43F}
	EndGlobalSection
EndGlobal
